{
  "name": "petz-file-parser",
  "version": "1.0.0",
  "lockfileVersion": 1,
  "requires": true,
  "dependencies": {
    "binary-parser": {
      "version": "2.0.3",
      "resolved": "https://registry.npmjs.org/binary-parser/-/binary-parser-2.0.3.tgz",
      "integrity": "sha512-ACepwK4uWahyhhSQYErkUFJnDI4qjvZXBuJy397yPLE6KVQiiZ5t+GlUBxHdGrH09H0wXSzSMjWv1I/FqNGBZQ=="
    }
  }
}
